
Microsoft Visual Studio Solution File, Format Version 12.00
# Visual Studio Version 17
VisualStudioVersion = 17.11.35303.130
MinimumVisualStudioVersion = 10.0.40219.1
Project("{FAE04EC0-301F-11D3-BF4B-00C04F79EFBC}") = "ProyMvcProyectoOnline205", "ProyMvcProyectoOnline205\ProyMvcProyectoOnline205.csproj", "{2BFAF6F6-4A0C-498C-84C1-CB0CB5A4D71F}"
EndProject
Global
	GlobalSection(SolutionConfigurationPlatforms) = preSolution
		Debug|Any CPU = Debug|Any CPU
		Release|Any CPU = Release|Any CPU
	EndGlobalSection
	GlobalSection(ProjectConfigurationPlatforms) = postSolution
		{2BFAF6F6-4A0C-498C-84C1-CB0CB5A4D71F}.Debug|Any CPU.ActiveCfg = Debug|Any CPU
		{2BFAF6F6-4A0C-498C-84C1-CB0CB5A4D71F}.Debug|Any CPU.Build.0 = Debug|Any CPU
		{2BFAF6F6-4A0C-498C-84C1-CB0CB5A4D71F}.Release|Any CPU.ActiveCfg = Release|Any CPU
		{2BFAF6F6-4A0C-498C-84C1-CB0CB5A4D71F}.Release|Any CPU.Build.0 = Release|Any CPU
	EndGlobalSection
	GlobalSection(SolutionProperties) = preSolution
		HideSolutionNode = FALSE
	EndGlobalSection
	GlobalSection(ExtensibilityGlobals) = postSolution
		SolutionGuid = {4959B497-BBC1-4725-809E-6B4E0488BCD8}
	EndGlobalSection
EndGlobal
