
Microsoft Visual Studio Solution File, Format Version 12.00
# Visual Studio Version 17
VisualStudioVersion = 17.11.35303.130
MinimumVisualStudioVersion = 10.0.40219.1
Project("{FAE04EC0-301F-11D3-BF4B-00C04F79EFBC}") = "ProyApiProyectoOnline2025", "ProyApiProyectoOnline2025\ProyApiProyectoOnline2025.csproj", "{A707900D-4F57-44A9-8FC2-4A76BA0D7500}"
EndProject
Global
	GlobalSection(SolutionConfigurationPlatforms) = preSolution
		Debug|Any CPU = Debug|Any CPU
		Release|Any CPU = Release|Any CPU
	EndGlobalSection
	GlobalSection(ProjectConfigurationPlatforms) = postSolution
		{A707900D-4F57-44A9-8FC2-4A76BA0D7500}.Debug|Any CPU.ActiveCfg = Debug|Any CPU
		{A707900D-4F57-44A9-8FC2-4A76BA0D7500}.Debug|Any CPU.Build.0 = Debug|Any CPU
		{A707900D-4F57-44A9-8FC2-4A76BA0D7500}.Release|Any CPU.ActiveCfg = Release|Any CPU
		{A707900D-4F57-44A9-8FC2-4A76BA0D7500}.Release|Any CPU.Build.0 = Release|Any CPU
	EndGlobalSection
	GlobalSection(SolutionProperties) = preSolution
		HideSolutionNode = FALSE
	EndGlobalSection
	GlobalSection(ExtensibilityGlobals) = postSolution
		SolutionGuid = {95EB948C-2689-437E-9F52-976EC0805A23}
	EndGlobalSection
EndGlobal
